
Microsoft Visual Studio Solution File, Format Version 12.00
# Visual Studio Version 16
VisualStudioVersion = 16.0.31605.320
MinimumVisualStudioVersion = 10.0.40219.1
Project("{FAE04EC0-301F-11D3-BF4B-00C04F79EFBC}") = "Laboratorio1Web", "Laboratorio1Web\Laboratorio1Web.csproj", "{67819DFF-884B-4687-ABA4-2D6526075B18}"
EndProject
Project("{FAE04EC0-301F-11D3-BF4B-00C04F79EFBC}") = "Laboratorio1Web.Tests", "Laboratorio1Web.Tests\Laboratorio1Web.Tests.csproj", "{D532A0C4-A355-4FB7-A604-C567698C9F06}"
EndProject
Global
	GlobalSection(SolutionConfigurationPlatforms) = preSolution
		Debug|Any CPU = Debug|Any CPU
		Release|Any CPU = Release|Any CPU
	EndGlobalSection
	GlobalSection(ProjectConfigurationPlatforms) = postSolution
		{67819DFF-884B-4687-ABA4-2D6526075B18}.Debug|Any CPU.ActiveCfg = Debug|Any CPU
		{67819DFF-884B-4687-ABA4-2D6526075B18}.Debug|Any CPU.Build.0 = Debug|Any CPU
		{67819DFF-884B-4687-ABA4-2D6526075B18}.Release|Any CPU.ActiveCfg = Release|Any CPU
		{67819DFF-884B-4687-ABA4-2D6526075B18}.Release|Any CPU.Build.0 = Release|Any CPU
		{D532A0C4-A355-4FB7-A604-C567698C9F06}.Debug|Any CPU.ActiveCfg = Debug|Any CPU
		{D532A0C4-A355-4FB7-A604-C567698C9F06}.Debug|Any CPU.Build.0 = Debug|Any CPU
		{D532A0C4-A355-4FB7-A604-C567698C9F06}.Release|Any CPU.ActiveCfg = Release|Any CPU
		{D532A0C4-A355-4FB7-A604-C567698C9F06}.Release|Any CPU.Build.0 = Release|Any CPU
	EndGlobalSection
	GlobalSection(SolutionProperties) = preSolution
		HideSolutionNode = FALSE
	EndGlobalSection
	GlobalSection(ExtensibilityGlobals) = postSolution
		SolutionGuid = {2BC51209-60DB-412D-A383-D7C0D5C2806F}
	EndGlobalSection
EndGlobal
